
Microsoft Visual Studio Solution File, Format Version 12.00
# Visual Studio Version 16
VisualStudioVersion = 16.0.29519.181
MinimumVisualStudioVersion = 10.0.40219.1
Project("{FAE04EC0-301F-11D3-BF4B-00C04F79EFBC}") = "CourseProject", "CourseProject\CourseProject.csproj", "{84F36220-75DA-48E7-93B1-F48DC8C6F8B0}"
EndProject
Project("{FAE04EC0-301F-11D3-BF4B-00C04F79EFBC}") = "CourseProjectTests", "CourseProjectTests\CourseProjectTests.csproj", "{0DB50E08-2A7B-4BEF-870E-552285A2A831}"
EndProject
Global
	GlobalSection(SolutionConfigurationPlatforms) = preSolution
		Debug|Any CPU = Debug|Any CPU
		Release|Any CPU = Release|Any CPU
	EndGlobalSection
	GlobalSection(ProjectConfigurationPlatforms) = postSolution
		{84F36220-75DA-48E7-93B1-F48DC8C6F8B0}.Debug|Any CPU.ActiveCfg = Debug|Any CPU
		{84F36220-75DA-48E7-93B1-F48DC8C6F8B0}.Debug|Any CPU.Build.0 = Debug|Any CPU
		{84F36220-75DA-48E7-93B1-F48DC8C6F8B0}.Release|Any CPU.ActiveCfg = Release|Any CPU
		{84F36220-75DA-48E7-93B1-F48DC8C6F8B0}.Release|Any CPU.Build.0 = Release|Any CPU
		{0DB50E08-2A7B-4BEF-870E-552285A2A831}.Debug|Any CPU.ActiveCfg = Debug|Any CPU
		{0DB50E08-2A7B-4BEF-870E-552285A2A831}.Debug|Any CPU.Build.0 = Debug|Any CPU
		{0DB50E08-2A7B-4BEF-870E-552285A2A831}.Release|Any CPU.ActiveCfg = Release|Any CPU
		{0DB50E08-2A7B-4BEF-870E-552285A2A831}.Release|Any CPU.Build.0 = Release|Any CPU
	EndGlobalSection
	GlobalSection(SolutionProperties) = preSolution
		HideSolutionNode = FALSE
	EndGlobalSection
	GlobalSection(ExtensibilityGlobals) = postSolution
		SolutionGuid = {3EF7C174-1079-4240-AC98-0F9C82399888}
	EndGlobalSection
EndGlobal
